
Microsoft Visual Studio Solution File, Format Version 12.00
Project("{FAE04EC0-301F-11D3-BF4B-00C04F79EFBC}") = "RideCompanion", "RideCompanion\RideCompanion.csproj", "{65C3B0A4-A450-4030-AA96-FA6D6E18ADE2}"
EndProject
Project("{2150E333-8FDC-42A3-9474-1A3956D46DE8}") = "Shared", "Shared", "{F2C4068C-AE5B-4D2A-B4F9-93ED117B1B69}"
EndProject
Project("{2150E333-8FDC-42A3-9474-1A3956D46DE8}") = "Modules", "Modules", "{DC55DC50-5D67-40AD-840B-A5D4CC64510F}"
EndProject
Project("{FAE04EC0-301F-11D3-BF4B-00C04F79EFBC}") = "Shared.Core", "Shared.Core\Shared.Core.csproj", "{9BA4019C-F16B-49B3-9BFE-D9AFDB2688A9}"
EndProject
Project("{FAE04EC0-301F-11D3-BF4B-00C04F79EFBC}") = "Shared.Migrations", "Shared.Migrations\Shared.Migrations.csproj", "{A91B69B3-F206-47D9-8AB1-9D08BE528AB8}"
EndProject
Project("{FAE04EC0-301F-11D3-BF4B-00C04F79EFBC}") = "Shared.Repository", "Shared.Repository\Shared.Repository.csproj", "{B51A150F-D586-48DE-9E13-C96EF9A8F855}"
EndProject
Project("{2150E333-8FDC-42A3-9474-1A3956D46DE8}") = "Driver", "Driver", "{E9348388-B4BE-4AE3-8799-FFAD7B486837}"
EndProject
Project("{2150E333-8FDC-42A3-9474-1A3956D46DE8}") = "Companion", "Companion", "{AC281F0E-4F13-4C09-9372-ABB0CA8D3C46}"
EndProject
Project("{2150E333-8FDC-42A3-9474-1A3956D46DE8}") = "Trip", "Trip", "{CFCA9CF6-862D-483E-A65D-83EFF5DDCF72}"
EndProject
Project("{FAE04EC0-301F-11D3-BF4B-00C04F79EFBC}") = "Companion.App", "Companion.App\Companion.App.csproj", "{E09095FE-7C40-4A03-9A41-305546DCB359}"
EndProject
Project("{FAE04EC0-301F-11D3-BF4B-00C04F79EFBC}") = "Companion.Domain", "Companion.Domain\Companion.Domain.csproj", "{9DE2524B-84E6-411C-8C8D-E50E6D6D9F1E}"
EndProject
Project("{FAE04EC0-301F-11D3-BF4B-00C04F79EFBC}") = "Driver.App", "Driver.App\Driver.App.csproj", "{0BA7621F-4237-41EF-9627-233F4FE83665}"
EndProject
Project("{FAE04EC0-301F-11D3-BF4B-00C04F79EFBC}") = "Driver.Domain", "Driver.Domain\Driver.Domain.csproj", "{AE19B748-858F-4D3A-9DA2-D44493A3D46D}"
EndProject
Project("{FAE04EC0-301F-11D3-BF4B-00C04F79EFBC}") = "Trip.App", "Trip.App\Trip.App.csproj", "{A9AA4062-9F18-46EC-AA3D-2FDA6107964D}"
EndProject
Project("{FAE04EC0-301F-11D3-BF4B-00C04F79EFBC}") = "Trip.Domain", "Trip.Domain\Trip.Domain.csproj", "{EB7ECD7C-23F0-4A4F-88D3-B4B927801703}"
EndProject
Global
	GlobalSection(SolutionConfigurationPlatforms) = preSolution
		Debug|Any CPU = Debug|Any CPU
		Release|Any CPU = Release|Any CPU
	EndGlobalSection
	GlobalSection(ProjectConfigurationPlatforms) = postSolution
		{65C3B0A4-A450-4030-AA96-FA6D6E18ADE2}.Debug|Any CPU.ActiveCfg = Debug|Any CPU
		{65C3B0A4-A450-4030-AA96-FA6D6E18ADE2}.Debug|Any CPU.Build.0 = Debug|Any CPU
		{65C3B0A4-A450-4030-AA96-FA6D6E18ADE2}.Release|Any CPU.ActiveCfg = Release|Any CPU
		{65C3B0A4-A450-4030-AA96-FA6D6E18ADE2}.Release|Any CPU.Build.0 = Release|Any CPU
		{9BA4019C-F16B-49B3-9BFE-D9AFDB2688A9}.Debug|Any CPU.ActiveCfg = Debug|Any CPU
		{9BA4019C-F16B-49B3-9BFE-D9AFDB2688A9}.Debug|Any CPU.Build.0 = Debug|Any CPU
		{9BA4019C-F16B-49B3-9BFE-D9AFDB2688A9}.Release|Any CPU.ActiveCfg = Release|Any CPU
		{9BA4019C-F16B-49B3-9BFE-D9AFDB2688A9}.Release|Any CPU.Build.0 = Release|Any CPU
		{A91B69B3-F206-47D9-8AB1-9D08BE528AB8}.Debug|Any CPU.ActiveCfg = Debug|Any CPU
		{A91B69B3-F206-47D9-8AB1-9D08BE528AB8}.Debug|Any CPU.Build.0 = Debug|Any CPU
		{A91B69B3-F206-47D9-8AB1-9D08BE528AB8}.Release|Any CPU.ActiveCfg = Release|Any CPU
		{A91B69B3-F206-47D9-8AB1-9D08BE528AB8}.Release|Any CPU.Build.0 = Release|Any CPU
		{B51A150F-D586-48DE-9E13-C96EF9A8F855}.Debug|Any CPU.ActiveCfg = Debug|Any CPU
		{B51A150F-D586-48DE-9E13-C96EF9A8F855}.Debug|Any CPU.Build.0 = Debug|Any CPU
		{B51A150F-D586-48DE-9E13-C96EF9A8F855}.Release|Any CPU.ActiveCfg = Release|Any CPU
		{B51A150F-D586-48DE-9E13-C96EF9A8F855}.Release|Any CPU.Build.0 = Release|Any CPU
		{E09095FE-7C40-4A03-9A41-305546DCB359}.Debug|Any CPU.ActiveCfg = Debug|Any CPU
		{E09095FE-7C40-4A03-9A41-305546DCB359}.Debug|Any CPU.Build.0 = Debug|Any CPU
		{E09095FE-7C40-4A03-9A41-305546DCB359}.Release|Any CPU.ActiveCfg = Release|Any CPU
		{E09095FE-7C40-4A03-9A41-305546DCB359}.Release|Any CPU.Build.0 = Release|Any CPU
		{9DE2524B-84E6-411C-8C8D-E50E6D6D9F1E}.Debug|Any CPU.ActiveCfg = Debug|Any CPU
		{9DE2524B-84E6-411C-8C8D-E50E6D6D9F1E}.Debug|Any CPU.Build.0 = Debug|Any CPU
		{9DE2524B-84E6-411C-8C8D-E50E6D6D9F1E}.Release|Any CPU.ActiveCfg = Release|Any CPU
		{9DE2524B-84E6-411C-8C8D-E50E6D6D9F1E}.Release|Any CPU.Build.0 = Release|Any CPU
		{0BA7621F-4237-41EF-9627-233F4FE83665}.Debug|Any CPU.ActiveCfg = Debug|Any CPU
		{0BA7621F-4237-41EF-9627-233F4FE83665}.Debug|Any CPU.Build.0 = Debug|Any CPU
		{0BA7621F-4237-41EF-9627-233F4FE83665}.Release|Any CPU.ActiveCfg = Release|Any CPU
		{0BA7621F-4237-41EF-9627-233F4FE83665}.Release|Any CPU.Build.0 = Release|Any CPU
		{AE19B748-858F-4D3A-9DA2-D44493A3D46D}.Debug|Any CPU.ActiveCfg = Debug|Any CPU
		{AE19B748-858F-4D3A-9DA2-D44493A3D46D}.Debug|Any CPU.Build.0 = Debug|Any CPU
		{AE19B748-858F-4D3A-9DA2-D44493A3D46D}.Release|Any CPU.ActiveCfg = Release|Any CPU
		{AE19B748-858F-4D3A-9DA2-D44493A3D46D}.Release|Any CPU.Build.0 = Release|Any CPU
		{A9AA4062-9F18-46EC-AA3D-2FDA6107964D}.Debug|Any CPU.ActiveCfg = Debug|Any CPU
		{A9AA4062-9F18-46EC-AA3D-2FDA6107964D}.Debug|Any CPU.Build.0 = Debug|Any CPU
		{A9AA4062-9F18-46EC-AA3D-2FDA6107964D}.Release|Any CPU.ActiveCfg = Release|Any CPU
		{A9AA4062-9F18-46EC-AA3D-2FDA6107964D}.Release|Any CPU.Build.0 = Release|Any CPU
		{EB7ECD7C-23F0-4A4F-88D3-B4B927801703}.Debug|Any CPU.ActiveCfg = Debug|Any CPU
		{EB7ECD7C-23F0-4A4F-88D3-B4B927801703}.Debug|Any CPU.Build.0 = Debug|Any CPU
		{EB7ECD7C-23F0-4A4F-88D3-B4B927801703}.Release|Any CPU.ActiveCfg = Release|Any CPU
		{EB7ECD7C-23F0-4A4F-88D3-B4B927801703}.Release|Any CPU.Build.0 = Release|Any CPU
	EndGlobalSection
	GlobalSection(NestedProjects) = preSolution
		{9BA4019C-F16B-49B3-9BFE-D9AFDB2688A9} = {F2C4068C-AE5B-4D2A-B4F9-93ED117B1B69}
		{A91B69B3-F206-47D9-8AB1-9D08BE528AB8} = {F2C4068C-AE5B-4D2A-B4F9-93ED117B1B69}
		{B51A150F-D586-48DE-9E13-C96EF9A8F855} = {F2C4068C-AE5B-4D2A-B4F9-93ED117B1B69}
		{E9348388-B4BE-4AE3-8799-FFAD7B486837} = {DC55DC50-5D67-40AD-840B-A5D4CC64510F}
		{AC281F0E-4F13-4C09-9372-ABB0CA8D3C46} = {DC55DC50-5D67-40AD-840B-A5D4CC64510F}
		{CFCA9CF6-862D-483E-A65D-83EFF5DDCF72} = {DC55DC50-5D67-40AD-840B-A5D4CC64510F}
		{E09095FE-7C40-4A03-9A41-305546DCB359} = {AC281F0E-4F13-4C09-9372-ABB0CA8D3C46}
		{9DE2524B-84E6-411C-8C8D-E50E6D6D9F1E} = {AC281F0E-4F13-4C09-9372-ABB0CA8D3C46}
		{0BA7621F-4237-41EF-9627-233F4FE83665} = {E9348388-B4BE-4AE3-8799-FFAD7B486837}
		{AE19B748-858F-4D3A-9DA2-D44493A3D46D} = {E9348388-B4BE-4AE3-8799-FFAD7B486837}
		{A9AA4062-9F18-46EC-AA3D-2FDA6107964D} = {CFCA9CF6-862D-483E-A65D-83EFF5DDCF72}
		{EB7ECD7C-23F0-4A4F-88D3-B4B927801703} = {CFCA9CF6-862D-483E-A65D-83EFF5DDCF72}
	EndGlobalSection
EndGlobal
