
Microsoft Visual Studio Solution File, Format Version 12.00
Project("{FAE04EC0-301F-11D3-BF4B-00C04F79EFBC}") = "RideCompanion", "RideCompanion\RideCompanion.csproj", "{65C3B0A4-A450-4030-AA96-FA6D6E18ADE2}"
EndProject
Project("{2150E333-8FDC-42A3-9474-1A3956D46DE8}") = "Shared", "Shared", "{F2C4068C-AE5B-4D2A-B4F9-93ED117B1B69}"
EndProject
Project("{2150E333-8FDC-42A3-9474-1A3956D46DE8}") = "Modules", "Modules", "{DC55DC50-5D67-40AD-840B-A5D4CC64510F}"
EndProject
Project("{FAE04EC0-301F-11D3-BF4B-00C04F79EFBC}") = "Shared.Core", "Shared.Core\Shared.Core.csproj", "{9BA4019C-F16B-49B3-9BFE-D9AFDB2688A9}"
EndProject
Project("{FAE04EC0-301F-11D3-BF4B-00C04F79EFBC}") = "Shared.Migrations", "Shared.Migrations\Shared.Migrations.csproj", "{A91B69B3-F206-47D9-8AB1-9D08BE528AB8}"
EndProject
Global
	GlobalSection(SolutionConfigurationPlatforms) = preSolution
		Debug|Any CPU = Debug|Any CPU
		Release|Any CPU = Release|Any CPU
	EndGlobalSection
	GlobalSection(ProjectConfigurationPlatforms) = postSolution
		{65C3B0A4-A450-4030-AA96-FA6D6E18ADE2}.Debug|Any CPU.ActiveCfg = Debug|Any CPU
		{65C3B0A4-A450-4030-AA96-FA6D6E18ADE2}.Debug|Any CPU.Build.0 = Debug|Any CPU
		{65C3B0A4-A450-4030-AA96-FA6D6E18ADE2}.Release|Any CPU.ActiveCfg = Release|Any CPU
		{65C3B0A4-A450-4030-AA96-FA6D6E18ADE2}.Release|Any CPU.Build.0 = Release|Any CPU
		{9BA4019C-F16B-49B3-9BFE-D9AFDB2688A9}.Debug|Any CPU.ActiveCfg = Debug|Any CPU
		{9BA4019C-F16B-49B3-9BFE-D9AFDB2688A9}.Debug|Any CPU.Build.0 = Debug|Any CPU
		{9BA4019C-F16B-49B3-9BFE-D9AFDB2688A9}.Release|Any CPU.ActiveCfg = Release|Any CPU
		{9BA4019C-F16B-49B3-9BFE-D9AFDB2688A9}.Release|Any CPU.Build.0 = Release|Any CPU
		{A91B69B3-F206-47D9-8AB1-9D08BE528AB8}.Debug|Any CPU.ActiveCfg = Debug|Any CPU
		{A91B69B3-F206-47D9-8AB1-9D08BE528AB8}.Debug|Any CPU.Build.0 = Debug|Any CPU
		{A91B69B3-F206-47D9-8AB1-9D08BE528AB8}.Release|Any CPU.ActiveCfg = Release|Any CPU
		{A91B69B3-F206-47D9-8AB1-9D08BE528AB8}.Release|Any CPU.Build.0 = Release|Any CPU
	EndGlobalSection
	GlobalSection(NestedProjects) = preSolution
		{9BA4019C-F16B-49B3-9BFE-D9AFDB2688A9} = {F2C4068C-AE5B-4D2A-B4F9-93ED117B1B69}
		{A91B69B3-F206-47D9-8AB1-9D08BE528AB8} = {F2C4068C-AE5B-4D2A-B4F9-93ED117B1B69}
	EndGlobalSection
EndGlobal
